
Microsoft Visual Studio Solution File, Format Version 12.00
# Visual Studio Version 17
VisualStudioVersion = 17.11.35222.181
MinimumVisualStudioVersion = 10.0.40219.1
Project("{2150E333-8FDC-42A3-9474-1A3956D46DE8}") = "Task0", "Task0", "{1AD88693-AF27-4DA7-B871-951A038D85D2}"
EndProject
Project("{FAE04EC0-301F-11D3-BF4B-00C04F79EFBC}") = "Tyuiu.RubanovEO.Sprint0.Task0.V0", "Tyuiu.RubanovEO.Sprint0.Task0.V0\Tyuiu.RubanovEO.Sprint0.Task0.V0.csproj", "{5D236958-97A2-4F60-B6D2-DEF3329762FC}"
EndProject
Project("{2150E333-8FDC-42A3-9474-1A3956D46DE8}") = "Task1", "Task1", "{5F736E08-13EF-4881-B772-5869967FF82F}"
EndProject
Project("{FAE04EC0-301F-11D3-BF4B-00C04F79EFBC}") = "Tyuiu.RubanovEO.Sprint0.Task1.V0", "Tyuiu.RubanovEO.Sprint0.Task1.V0\Tyuiu.RubanovEO.Sprint0.Task1.V0.csproj", "{645D8B76-6DB5-4DBA-A267-B32F3FE47A0E}"
EndProject
Project("{2150E333-8FDC-42A3-9474-1A3956D46DE8}") = "Task2", "Task2", "{B70800BC-4EEE-4CA7-A050-04EA08AC0912}"
EndProject
Project("{FAE04EC0-301F-11D3-BF4B-00C04F79EFBC}") = "Tyuiu.RubanovEO.Sprint0.Task2.V0", "Tyuiu.RubanovEO.Task2.V0\Tyuiu.RubanovEO.Sprint0.Task2.V0.csproj", "{ACDC6311-826A-4AC1-8FA1-297A242B436B}"
EndProject
Project("{FAE04EC0-301F-11D3-BF4B-00C04F79EFBC}") = "Tyuiu.RubanovEO.Sprint0.Task2.V0.Lib", "Tyuiu.RubanovEO.Sprint0.Task2.V0.Lib\Tyuiu.RubanovEO.Sprint0.Task2.V0.Lib.csproj", "{2B1038F8-7ECE-4732-AECB-CFD2A3D7F042}"
EndProject
Project("{FAE04EC0-301F-11D3-BF4B-00C04F79EFBC}") = "Tyuiu.RubanovEO.Sprint0.Task2.V0.Test", "Tyuiu.RubanovEO.Sprint0.Task2.V0.Test\Tyuiu.RubanovEO.Sprint0.Task2.V0.Test.csproj", "{26C23E36-8669-42A0-9592-AB4B7536DAF1}"
EndProject
Project("{2150E333-8FDC-42A3-9474-1A3956D46DE8}") = "Task3", "Task3", "{E40CE36F-7D36-486A-A0B4-0E4C1EF53F30}"
EndProject
Project("{FAE04EC0-301F-11D3-BF4B-00C04F79EFBC}") = "Tyuiu.RubanovEO.Sprint0.Task3.V0", "Tyuiu.RubanovEO.Sprint0.Task3.V0\Tyuiu.RubanovEO.Sprint0.Task3.V0.csproj", "{304DC6FD-A940-43A3-9F8C-87030EA51EF1}"
EndProject
Project("{FAE04EC0-301F-11D3-BF4B-00C04F79EFBC}") = "Tyuiu.RubanovEO.Sprint0.Task3.V0.Test", "Tyuiu.RubanovEO.Sprint0.Task3.V0.Test\Tyuiu.RubanovEO.Sprint0.Task3.V0.Test.csproj", "{EAF0CBA6-B1F0-46B2-8A2E-D316A3A66FCB}"
EndProject
Project("{FAE04EC0-301F-11D3-BF4B-00C04F79EFBC}") = "Tyuiu.RubanovEO.Sprint0.Task3.V0.Lib", "Tyuiu.RubanovEO.Sprint0.Task3.V0.Lib\Tyuiu.RubanovEO.Sprint0.Task3.V0.Lib.csproj", "{C3CA14D5-E569-4659-9778-94D8407CF04E}"
EndProject
Global
	GlobalSection(SolutionConfigurationPlatforms) = preSolution
		Debug|Any CPU = Debug|Any CPU
		Release|Any CPU = Release|Any CPU
	EndGlobalSection
	GlobalSection(ProjectConfigurationPlatforms) = postSolution
		{5D236958-97A2-4F60-B6D2-DEF3329762FC}.Debug|Any CPU.ActiveCfg = Debug|Any CPU
		{5D236958-97A2-4F60-B6D2-DEF3329762FC}.Debug|Any CPU.Build.0 = Debug|Any CPU
		{5D236958-97A2-4F60-B6D2-DEF3329762FC}.Release|Any CPU.ActiveCfg = Release|Any CPU
		{5D236958-97A2-4F60-B6D2-DEF3329762FC}.Release|Any CPU.Build.0 = Release|Any CPU
		{645D8B76-6DB5-4DBA-A267-B32F3FE47A0E}.Debug|Any CPU.ActiveCfg = Debug|Any CPU
		{645D8B76-6DB5-4DBA-A267-B32F3FE47A0E}.Debug|Any CPU.Build.0 = Debug|Any CPU
		{645D8B76-6DB5-4DBA-A267-B32F3FE47A0E}.Release|Any CPU.ActiveCfg = Release|Any CPU
		{645D8B76-6DB5-4DBA-A267-B32F3FE47A0E}.Release|Any CPU.Build.0 = Release|Any CPU
		{ACDC6311-826A-4AC1-8FA1-297A242B436B}.Debug|Any CPU.ActiveCfg = Debug|Any CPU
		{ACDC6311-826A-4AC1-8FA1-297A242B436B}.Debug|Any CPU.Build.0 = Debug|Any CPU
		{ACDC6311-826A-4AC1-8FA1-297A242B436B}.Release|Any CPU.ActiveCfg = Release|Any CPU
		{ACDC6311-826A-4AC1-8FA1-297A242B436B}.Release|Any CPU.Build.0 = Release|Any CPU
		{2B1038F8-7ECE-4732-AECB-CFD2A3D7F042}.Debug|Any CPU.ActiveCfg = Debug|Any CPU
		{2B1038F8-7ECE-4732-AECB-CFD2A3D7F042}.Debug|Any CPU.Build.0 = Debug|Any CPU
		{2B1038F8-7ECE-4732-AECB-CFD2A3D7F042}.Release|Any CPU.ActiveCfg = Release|Any CPU
		{2B1038F8-7ECE-4732-AECB-CFD2A3D7F042}.Release|Any CPU.Build.0 = Release|Any CPU
		{26C23E36-8669-42A0-9592-AB4B7536DAF1}.Debug|Any CPU.ActiveCfg = Debug|Any CPU
		{26C23E36-8669-42A0-9592-AB4B7536DAF1}.Debug|Any CPU.Build.0 = Debug|Any CPU
		{26C23E36-8669-42A0-9592-AB4B7536DAF1}.Release|Any CPU.ActiveCfg = Release|Any CPU
		{26C23E36-8669-42A0-9592-AB4B7536DAF1}.Release|Any CPU.Build.0 = Release|Any CPU
		{304DC6FD-A940-43A3-9F8C-87030EA51EF1}.Debug|Any CPU.ActiveCfg = Debug|Any CPU
		{304DC6FD-A940-43A3-9F8C-87030EA51EF1}.Debug|Any CPU.Build.0 = Debug|Any CPU
		{304DC6FD-A940-43A3-9F8C-87030EA51EF1}.Release|Any CPU.ActiveCfg = Release|Any CPU
		{304DC6FD-A940-43A3-9F8C-87030EA51EF1}.Release|Any CPU.Build.0 = Release|Any CPU
		{EAF0CBA6-B1F0-46B2-8A2E-D316A3A66FCB}.Debug|Any CPU.ActiveCfg = Debug|Any CPU
		{EAF0CBA6-B1F0-46B2-8A2E-D316A3A66FCB}.Debug|Any CPU.Build.0 = Debug|Any CPU
		{EAF0CBA6-B1F0-46B2-8A2E-D316A3A66FCB}.Release|Any CPU.ActiveCfg = Release|Any CPU
		{EAF0CBA6-B1F0-46B2-8A2E-D316A3A66FCB}.Release|Any CPU.Build.0 = Release|Any CPU
		{C3CA14D5-E569-4659-9778-94D8407CF04E}.Debug|Any CPU.ActiveCfg = Debug|Any CPU
		{C3CA14D5-E569-4659-9778-94D8407CF04E}.Debug|Any CPU.Build.0 = Debug|Any CPU
		{C3CA14D5-E569-4659-9778-94D8407CF04E}.Release|Any CPU.ActiveCfg = Release|Any CPU
		{C3CA14D5-E569-4659-9778-94D8407CF04E}.Release|Any CPU.Build.0 = Release|Any CPU
	EndGlobalSection
	GlobalSection(SolutionProperties) = preSolution
		HideSolutionNode = FALSE
	EndGlobalSection
	GlobalSection(NestedProjects) = preSolution
		{5D236958-97A2-4F60-B6D2-DEF3329762FC} = {1AD88693-AF27-4DA7-B871-951A038D85D2}
		{645D8B76-6DB5-4DBA-A267-B32F3FE47A0E} = {5F736E08-13EF-4881-B772-5869967FF82F}
		{ACDC6311-826A-4AC1-8FA1-297A242B436B} = {B70800BC-4EEE-4CA7-A050-04EA08AC0912}
		{2B1038F8-7ECE-4732-AECB-CFD2A3D7F042} = {B70800BC-4EEE-4CA7-A050-04EA08AC0912}
		{26C23E36-8669-42A0-9592-AB4B7536DAF1} = {B70800BC-4EEE-4CA7-A050-04EA08AC0912}
		{304DC6FD-A940-43A3-9F8C-87030EA51EF1} = {E40CE36F-7D36-486A-A0B4-0E4C1EF53F30}
		{EAF0CBA6-B1F0-46B2-8A2E-D316A3A66FCB} = {E40CE36F-7D36-486A-A0B4-0E4C1EF53F30}
		{C3CA14D5-E569-4659-9778-94D8407CF04E} = {E40CE36F-7D36-486A-A0B4-0E4C1EF53F30}
	EndGlobalSection
	GlobalSection(ExtensibilityGlobals) = postSolution
		SolutionGuid = {B7B8CE38-7A17-4122-80AA-19CB9B41074A}
	EndGlobalSection
EndGlobal
